
Microsoft Visual Studio Solution File, Format Version 12.00
# Visual Studio Version 16
VisualStudioVersion = 16.0.30611.23
MinimumVisualStudioVersion = 10.0.40219.1
Project("{9A19103F-16F7-4668-BE54-9A1E7A4F7556}") = "Howest.Cia.Bank.Core", "Howest.Cia.Bank.Core\Howest.Cia.Bank.Core.csproj", "{92BDF36D-B773-4F80-AB34-A1E9B004D83B}"
EndProject
Global
	GlobalSection(SolutionConfigurationPlatforms) = preSolution
		Debug|Any CPU = Debug|Any CPU
		Release|Any CPU = Release|Any CPU
	EndGlobalSection
	GlobalSection(ProjectConfigurationPlatforms) = postSolution
		{92BDF36D-B773-4F80-AB34-A1E9B004D83B}.Debug|Any CPU.ActiveCfg = Debug|Any CPU
		{92BDF36D-B773-4F80-AB34-A1E9B004D83B}.Debug|Any CPU.Build.0 = Debug|Any CPU
		{92BDF36D-B773-4F80-AB34-A1E9B004D83B}.Release|Any CPU.ActiveCfg = Release|Any CPU
		{92BDF36D-B773-4F80-AB34-A1E9B004D83B}.Release|Any CPU.Build.0 = Release|Any CPU
	EndGlobalSection
	GlobalSection(SolutionProperties) = preSolution
		HideSolutionNode = FALSE
	EndGlobalSection
	GlobalSection(ExtensibilityGlobals) = postSolution
		SolutionGuid = {3F91522F-2AFF-4989-A3E9-C986A7FAAF27}
	EndGlobalSection
EndGlobal
